Microsoft Visual Studio Solution File, Format Version 12.00
# Visual Studio Version 17
VisualStudioVersion = 17.14.35906.104
MinimumVisualStudioVersion = 10.0.40219.1
Project("{FAE04EC0-301F-11D3-BF4B-00C04F79EFBC}") = "MagicGradients", "MagicGradients\MagicGradients.csproj", "{6996BAA6-26B3-402E-950F-F1A218B2D727}"
EndProject
Project("{FAE04EC0-301F-11D3-BF4B-00C04F79EFBC}") = "MagicGradients.Core", "MagicGradients.Core\MagicGradients.Core.csproj", "{6DD6F6A8-E1FC-4430-BB8F-8FFF0DBD2444}"
EndProject
Project("{FAE04EC0-301F-11D3-BF4B-00C04F79EFBC}") = "MagicGradients.Forms", "MagicGradients.Forms\MagicGradients.Forms.csproj", "{D076B4D8-06F4-411E-92DE-FD9C2FF0CFAE}"
EndProject
Project("{FAE04EC0-301F-11D3-BF4B-00C04F79EFBC}") = "MagicGradients.Test", "MagicGradients.Test\MagicGradients.Test.csproj", "{952BF6FE-C8B9-4D14-A7AC-F5567CC74A1D}"
EndProject
Project("{FAE04EC0-301F-11D3-BF4B-00C04F79EFBC}") = "MagicGradients.Forms.SkiaViews", "MagicGradients.Forms.SkiaViews\MagicGradients.Forms.SkiaViews.csproj", "{BE30B409-781A-00FF-3A86-991A2BB47C52}"
EndProject
Project("{FAE04EC0-301F-11D3-BF4B-00C04F79EFBC}") = "Sample", "Sample\Sample.csproj", "{5A7F8005-C165-6259-8009-1115B9A95056}"
EndProject
Global
	GlobalSection(SolutionConfigurationPlatforms) = preSolution
		Debug|Any CPU = Debug|Any CPU
		Release|Any CPU = Release|Any CPU
	EndGlobalSection
	GlobalSection(ProjectConfigurationPlatforms) = postSolution
		{6996BAA6-26B3-402E-950F-F1A218B2D727}.Debug|Any CPU.ActiveCfg = Debug|Any CPU
		{6996BAA6-26B3-402E-950F-F1A218B2D727}.Debug|Any CPU.Build.0 = Debug|Any CPU
		{6996BAA6-26B3-402E-950F-F1A218B2D727}.Release|Any CPU.ActiveCfg = Release|Any CPU
		{6996BAA6-26B3-402E-950F-F1A218B2D727}.Release|Any CPU.Build.0 = Release|Any CPU
		{6DD6F6A8-E1FC-4430-BB8F-8FFF0DBD2444}.Debug|Any CPU.ActiveCfg = Debug|Any CPU
		{6DD6F6A8-E1FC-4430-BB8F-8FFF0DBD2444}.Debug|Any CPU.Build.0 = Debug|Any CPU
		{6DD6F6A8-E1FC-4430-BB8F-8FFF0DBD2444}.Release|Any CPU.ActiveCfg = Release|Any CPU
		{6DD6F6A8-E1FC-4430-BB8F-8FFF0DBD2444}.Release|Any CPU.Build.0 = Release|Any CPU
		{D076B4D8-06F4-411E-92DE-FD9C2FF0CFAE}.Debug|Any CPU.ActiveCfg = Debug|Any CPU
		{D076B4D8-06F4-411E-92DE-FD9C2FF0CFAE}.Debug|Any CPU.Build.0 = Debug|Any CPU
		{D076B4D8-06F4-411E-92DE-FD9C2FF0CFAE}.Release|Any CPU.ActiveCfg = Release|Any CPU
		{D076B4D8-06F4-411E-92DE-FD9C2FF0CFAE}.Release|Any CPU.Build.0 = Release|Any CPU
		{952BF6FE-C8B9-4D14-A7AC-F5567CC74A1D}.Debug|Any CPU.ActiveCfg = Debug|Any CPU
		{952BF6FE-C8B9-4D14-A7AC-F5567CC74A1D}.Debug|Any CPU.Build.0 = Debug|Any CPU
		{952BF6FE-C8B9-4D14-A7AC-F5567CC74A1D}.Release|Any CPU.ActiveCfg = Release|Any CPU
		{952BF6FE-C8B9-4D14-A7AC-F5567CC74A1D}.Release|Any CPU.Build.0 = Release|Any CPU
		{BE30B409-781A-00FF-3A86-991A2BB47C52}.Debug|Any CPU.ActiveCfg = Debug|Any CPU
		{BE30B409-781A-00FF-3A86-991A2BB47C52}.Debug|Any CPU.Build.0 = Debug|Any CPU
		{BE30B409-781A-00FF-3A86-991A2BB47C52}.Release|Any CPU.ActiveCfg = Release|Any CPU
		{BE30B409-781A-00FF-3A86-991A2BB47C52}.Release|Any CPU.Build.0 = Release|Any CPU
		{5A7F8005-C165-6259-8009-1115B9A95056}.Debug|Any CPU.ActiveCfg = Debug|Any CPU
		{5A7F8005-C165-6259-8009-1115B9A95056}.Debug|Any CPU.Build.0 = Debug|Any CPU
		{5A7F8005-C165-6259-8009-1115B9A95056}.Debug|Any CPU.Deploy.0 = Debug|Any CPU
		{5A7F8005-C165-6259-8009-1115B9A95056}.Release|Any CPU.ActiveCfg = Release|Any CPU
		{5A7F8005-C165-6259-8009-1115B9A95056}.Release|Any CPU.Build.0 = Release|Any CPU
		{5A7F8005-C165-6259-8009-1115B9A95056}.Release|Any CPU.Deploy.0 = Release|Any CPU
	EndGlobalSection
	GlobalSection(SolutionProperties) = preSolution
		HideSolutionNode = FALSE
	EndGlobalSection
	GlobalSection(ExtensibilityGlobals) = postSolution
		SolutionGuid = {E5A091EC-CAB0-4A3E-B18A-588AA9B39DC3}
	EndGlobalSection
EndGlobal
